# This file is automatically @generated by Cargo.
# It is not intended for manual editing.
version = 4

[[package]]
name = "libc"
version = "0.2.178"
source = "registry+https://github.com/rust-lang/crates.io-index"
checksum = "37c93d8daa9d8a012fd8ab92f088405fb202ea0b6ab73ee2482ae66af4f42091"

[[package]]
name = "prusst"
version = "1.0.0"
source = "git+https://github.com/kpishere/prusst.git#68578afece4ae0a664be1547d0e328923a20df4e"
dependencies = [
 "libc",
]

[[package]]
name = "rounded-div"
version = "0.1.4"
source = "registry+https://github.com/rust-lang/crates.io-index"
checksum = "11dc1f50dc7944fb82cb7ac01b2e0b2356bf7d8b176547b92cd462262d7f8ec3"

[[package]]
name = "spi_buttons_rust"
version = "0.1.0"
dependencies = [
 "prusst",
 "rounded-div",
]
